
Microsoft Visual Studio Solution File, Format Version 12.00
# Visual Studio 15
VisualStudioVersion = 15.0.26403.7
MinimumVisualStudioVersion = 10.0.40219.1
Project("{FAE04EC0-301F-11D3-BF4B-00C04F79EFBC}") = "tubeLoadNative.Droid", "tubeLoadNative\tubeLoadNative.Droid\tubeLoadNative.Droid.csproj", "{08AA507E-232E-4665-B6C9-80900256BE78}"
EndProject
Project("{FAE04EC0-301F-11D3-BF4B-00C04F79EFBC}") = "tubeLoadNative", "tubeLoadNative\tubeLoadNative\tubeLoadNative.csproj", "{11E48E87-F299-483A-9FEE-0CB62C879648}"
EndProject
Global
	GlobalSection(SolutionConfigurationPlatforms) = preSolution
		Debug|Any CPU = Debug|Any CPU
		Debug|ARM = Debug|ARM
		Debug|iPhone = Debug|iPhone
		Debug|iPhoneSimulator = Debug|iPhoneSimulator
		Debug|x86 = Debug|x86
		Release|Any CPU = Release|Any CPU
		Release|ARM = Release|ARM
		Release|iPhone = Release|iPhone
		Release|iPhoneSimulator = Release|iPhoneSimulator
		Release|x86 = Release|x86
	EndGlobalSection
	GlobalSection(ProjectConfigurationPlatforms) = postSolution
		{08AA507E-232E-4665-B6C9-80900256BE78}.Debug|Any CPU.ActiveCfg = Debug|Any CPU
		{08AA507E-232E-4665-B6C9-80900256BE78}.Debug|Any CPU.Build.0 = Debug|Any CPU
		{08AA507E-232E-4665-B6C9-80900256BE78}.Debug|Any CPU.Deploy.0 = Debug|Any CPU
		{08AA507E-232E-4665-B6C9-80900256BE78}.Debug|ARM.ActiveCfg = Debug|Any CPU
		{08AA507E-232E-4665-B6C9-80900256BE78}.Debug|ARM.Build.0 = Debug|Any CPU
		{08AA507E-232E-4665-B6C9-80900256BE78}.Debug|ARM.Deploy.0 = Debug|Any CPU
		{08AA507E-232E-4665-B6C9-80900256BE78}.Debug|iPhone.ActiveCfg = Debug|Any CPU
		{08AA507E-232E-4665-B6C9-80900256BE78}.Debug|iPhone.Build.0 = Debug|Any CPU
		{08AA507E-232E-4665-B6C9-80900256BE78}.Debug|iPhone.Deploy.0 = Debug|Any CPU
		{08AA507E-232E-4665-B6C9-80900256BE78}.Debug|iPhoneSimulator.ActiveCfg = Debug|Any CPU
		{08AA507E-232E-4665-B6C9-80900256BE78}.Debug|iPhoneSimulator.Build.0 = Debug|Any CPU
		{08AA507E-232E-4665-B6C9-80900256BE78}.Debug|iPhoneSimulator.Deploy.0 = Debug|Any CPU
		{08AA507E-232E-4665-B6C9-80900256BE78}.Debug|x86.ActiveCfg = Debug|Any CPU
		{08AA507E-232E-4665-B6C9-80900256BE78}.Debug|x86.Build.0 = Debug|Any CPU
		{08AA507E-232E-4665-B6C9-80900256BE78}.Debug|x86.Deploy.0 = Debug|Any CPU
		{08AA507E-232E-4665-B6C9-80900256BE78}.Release|Any CPU.ActiveCfg = Release|Any CPU
		{08AA507E-232E-4665-B6C9-80900256BE78}.Release|Any CPU.Build.0 = Release|Any CPU
		{08AA507E-232E-4665-B6C9-80900256BE78}.Release|Any CPU.Deploy.0 = Release|Any CPU
		{08AA507E-232E-4665-B6C9-80900256BE78}.Release|ARM.ActiveCfg = Release|Any CPU
		{08AA507E-232E-4665-B6C9-80900256BE78}.Release|ARM.Build.0 = Release|Any CPU
		{08AA507E-232E-4665-B6C9-80900256BE78}.Release|ARM.Deploy.0 = Release|Any CPU
		{08AA507E-232E-4665-B6C9-80900256BE78}.Release|iPhone.ActiveCfg = Release|Any CPU
		{08AA507E-232E-4665-B6C9-80900256BE78}.Release|iPhone.Build.0 = Release|Any CPU
		{08AA507E-232E-4665-B6C9-80900256BE78}.Release|iPhone.Deploy.0 = Release|Any CPU
		{08AA507E-232E-4665-B6C9-80900256BE78}.Release|iPhoneSimulator.ActiveCfg = Release|Any CPU
		{08AA507E-232E-4665-B6C9-80900256BE78}.Release|iPhoneSimulator.Build.0 = Release|Any CPU
		{08AA507E-232E-4665-B6C9-80900256BE78}.Release|iPhoneSimulator.Deploy.0 = Release|Any CPU
		{08AA507E-232E-4665-B6C9-80900256BE78}.Release|x86.ActiveCfg = Release|Any CPU
		{08AA507E-232E-4665-B6C9-80900256BE78}.Release|x86.Build.0 = Release|Any CPU
		{08AA507E-232E-4665-B6C9-80900256BE78}.Release|x86.Deploy.0 = Release|Any CPU
		{11E48E87-F299-483A-9FEE-0CB62C879648}.Debug|Any CPU.ActiveCfg = Debug|Any CPU
		{11E48E87-F299-483A-9FEE-0CB62C879648}.Debug|Any CPU.Build.0 = Debug|Any CPU
		{11E48E87-F299-483A-9FEE-0CB62C879648}.Debug|ARM.ActiveCfg = Debug|Any CPU
		{11E48E87-F299-483A-9FEE-0CB62C879648}.Debug|ARM.Build.0 = Debug|Any CPU
		{11E48E87-F299-483A-9FEE-0CB62C879648}.Debug|iPhone.ActiveCfg = Debug|Any CPU
		{11E48E87-F299-483A-9FEE-0CB62C879648}.Debug|iPhone.Build.0 = Debug|Any CPU
		{11E48E87-F299-483A-9FEE-0CB62C879648}.Debug|iPhoneSimulator.ActiveCfg = Debug|Any CPU
		{11E48E87-F299-483A-9FEE-0CB62C879648}.Debug|iPhoneSimulator.Build.0 = Debug|Any CPU
		{11E48E87-F299-483A-9FEE-0CB62C879648}.Debug|x86.ActiveCfg = Debug|Any CPU
		{11E48E87-F299-483A-9FEE-0CB62C879648}.Debug|x86.Build.0 = Debug|Any CPU
		{11E48E87-F299-483A-9FEE-0CB62C879648}.Release|Any CPU.ActiveCfg = Release|Any CPU
		{11E48E87-F299-483A-9FEE-0CB62C879648}.Release|Any CPU.Build.0 = Release|Any CPU
		{11E48E87-F299-483A-9FEE-0CB62C879648}.Release|ARM.ActiveCfg = Release|Any CPU
		{11E48E87-F299-483A-9FEE-0CB62C879648}.Release|ARM.Build.0 = Release|Any CPU
		{11E48E87-F299-483A-9FEE-0CB62C879648}.Release|iPhone.ActiveCfg = Release|Any CPU
		{11E48E87-F299-483A-9FEE-0CB62C879648}.Release|iPhone.Build.0 = Release|Any CPU
		{11E48E87-F299-483A-9FEE-0CB62C879648}.Release|iPhoneSimulator.ActiveCfg = Release|Any CPU
		{11E48E87-F299-483A-9FEE-0CB62C879648}.Release|iPhoneSimulator.Build.0 = Release|Any CPU
		{11E48E87-F299-483A-9FEE-0CB62C879648}.Release|x86.ActiveCfg = Release|Any CPU
		{11E48E87-F299-483A-9FEE-0CB62C879648}.Release|x86.Build.0 = Release|Any CPU
	EndGlobalSection
	GlobalSection(SolutionProperties) = preSolution
		HideSolutionNode = FALSE
	EndGlobalSection
EndGlobal
